
Microsoft Visual Studio Solution File, Format Version 12.00
# Visual Studio 2012
Project("{2150E333-8FDC-42A3-9474-1A3956D46DE8}") = "1. Framework", "1. Framework", "{C76BB68E-6596-4D2E-A201-B04470E197F1}"
EndProject
Project("{2150E333-8FDC-42A3-9474-1A3956D46DE8}") = "2. Tests", "2. Tests", "{B3E70DDA-D523-4C57-9242-6B4FD57BC4CF}"
EndProject
Project("{2150E333-8FDC-42A3-9474-1A3956D46DE8}") = "3. Samples", "3. Samples", "{A1DCE8CB-6EEF-4958-8209-CAFFE78C17A3}"
EndProject
Project("{FAE04EC0-301F-11D3-BF4B-00C04F79EFBC}") = "ItIsAlive", "ItIsAlive\ItIsAlive.csproj", "{CE544CB7-A422-49BC-A4E0-25414E817A0C}"
EndProject
Project("{FAE04EC0-301F-11D3-BF4B-00C04F79EFBC}") = "ItIsAlive.Tests", "ItIsAlive.Tests\ItIsAlive.Tests.csproj", "{A63C9ACA-F316-448E-B673-5F5F0843EBB2}"
EndProject
Project("{FAE04EC0-301F-11D3-BF4B-00C04F79EFBC}") = "ItIsAlive.Extensions.NHibernate", "ItIsAlive.Extensions.NHibernate\ItIsAlive.Extensions.NHibernate.csproj", "{8384A054-56A2-4079-81AB-82BAAD29AC1E}"
EndProject
Project("{FAE04EC0-301F-11D3-BF4B-00C04F79EFBC}") = "ItIsAlive.Extensions.NHibernate.Tests", "ItIsAlive.Extensions.NHibernate.Tests\ItIsAlive.Extensions.NHibernate.Tests.csproj", "{87A36C5E-1AA8-4750-8514-3749DD4D0482}"
EndProject
Project("{FAE04EC0-301F-11D3-BF4B-00C04F79EFBC}") = "ItIsAlive.Samples.ContactsWeb", "ItIsAlive.Samples.ContactsWeb\ItIsAlive.Samples.ContactsWeb.csproj", "{9F6989BA-9803-4F93-871E-BF52A44EA603}"
EndProject
Global
	GlobalSection(SolutionConfigurationPlatforms) = preSolution
		Build|Any CPU = Build|Any CPU
		Build|x64 = Build|x64
		Debug|Any CPU = Debug|Any CPU
		Debug|x64 = Debug|x64
		Release|Any CPU = Release|Any CPU
		Release|x64 = Release|x64
	EndGlobalSection
	GlobalSection(ProjectConfigurationPlatforms) = postSolution
		{CE544CB7-A422-49BC-A4E0-25414E817A0C}.Build|Any CPU.ActiveCfg = Build|Any CPU
		{CE544CB7-A422-49BC-A4E0-25414E817A0C}.Build|Any CPU.Build.0 = Build|Any CPU
		{CE544CB7-A422-49BC-A4E0-25414E817A0C}.Build|x64.ActiveCfg = Build|x64
		{CE544CB7-A422-49BC-A4E0-25414E817A0C}.Build|x64.Build.0 = Build|x64
		{CE544CB7-A422-49BC-A4E0-25414E817A0C}.Debug|Any CPU.ActiveCfg = Debug|Any CPU
		{CE544CB7-A422-49BC-A4E0-25414E817A0C}.Debug|Any CPU.Build.0 = Debug|Any CPU
		{CE544CB7-A422-49BC-A4E0-25414E817A0C}.Debug|x64.ActiveCfg = Debug|x64
		{CE544CB7-A422-49BC-A4E0-25414E817A0C}.Debug|x64.Build.0 = Debug|x64
		{CE544CB7-A422-49BC-A4E0-25414E817A0C}.Release|Any CPU.ActiveCfg = Release|Any CPU
		{CE544CB7-A422-49BC-A4E0-25414E817A0C}.Release|Any CPU.Build.0 = Release|Any CPU
		{CE544CB7-A422-49BC-A4E0-25414E817A0C}.Release|x64.ActiveCfg = Release|x64
		{CE544CB7-A422-49BC-A4E0-25414E817A0C}.Release|x64.Build.0 = Release|x64
		{A63C9ACA-F316-448E-B673-5F5F0843EBB2}.Build|Any CPU.ActiveCfg = Build|Any CPU
		{A63C9ACA-F316-448E-B673-5F5F0843EBB2}.Build|Any CPU.Build.0 = Build|Any CPU
		{A63C9ACA-F316-448E-B673-5F5F0843EBB2}.Build|x64.ActiveCfg = Build|x64
		{A63C9ACA-F316-448E-B673-5F5F0843EBB2}.Build|x64.Build.0 = Build|x64
		{A63C9ACA-F316-448E-B673-5F5F0843EBB2}.Debug|Any CPU.ActiveCfg = Debug|Any CPU
		{A63C9ACA-F316-448E-B673-5F5F0843EBB2}.Debug|Any CPU.Build.0 = Debug|Any CPU
		{A63C9ACA-F316-448E-B673-5F5F0843EBB2}.Debug|x64.ActiveCfg = Debug|x64
		{A63C9ACA-F316-448E-B673-5F5F0843EBB2}.Debug|x64.Build.0 = Debug|x64
		{A63C9ACA-F316-448E-B673-5F5F0843EBB2}.Release|Any CPU.ActiveCfg = Release|Any CPU
		{A63C9ACA-F316-448E-B673-5F5F0843EBB2}.Release|Any CPU.Build.0 = Release|Any CPU
		{A63C9ACA-F316-448E-B673-5F5F0843EBB2}.Release|x64.ActiveCfg = Release|x64
		{A63C9ACA-F316-448E-B673-5F5F0843EBB2}.Release|x64.Build.0 = Release|x64
		{8384A054-56A2-4079-81AB-82BAAD29AC1E}.Build|Any CPU.ActiveCfg = Build|Any CPU
		{8384A054-56A2-4079-81AB-82BAAD29AC1E}.Build|Any CPU.Build.0 = Build|Any CPU
		{8384A054-56A2-4079-81AB-82BAAD29AC1E}.Build|x64.ActiveCfg = Build|x64
		{8384A054-56A2-4079-81AB-82BAAD29AC1E}.Build|x64.Build.0 = Build|x64
		{8384A054-56A2-4079-81AB-82BAAD29AC1E}.Debug|Any CPU.ActiveCfg = Debug|Any CPU
		{8384A054-56A2-4079-81AB-82BAAD29AC1E}.Debug|Any CPU.Build.0 = Debug|Any CPU
		{8384A054-56A2-4079-81AB-82BAAD29AC1E}.Debug|x64.ActiveCfg = Debug|x64
		{8384A054-56A2-4079-81AB-82BAAD29AC1E}.Debug|x64.Build.0 = Debug|x64
		{8384A054-56A2-4079-81AB-82BAAD29AC1E}.Release|Any CPU.ActiveCfg = Release|Any CPU
		{8384A054-56A2-4079-81AB-82BAAD29AC1E}.Release|Any CPU.Build.0 = Release|Any CPU
		{8384A054-56A2-4079-81AB-82BAAD29AC1E}.Release|x64.ActiveCfg = Release|x64
		{8384A054-56A2-4079-81AB-82BAAD29AC1E}.Release|x64.Build.0 = Release|x64
		{87A36C5E-1AA8-4750-8514-3749DD4D0482}.Build|Any CPU.ActiveCfg = Build|Any CPU
		{87A36C5E-1AA8-4750-8514-3749DD4D0482}.Build|Any CPU.Build.0 = Build|Any CPU
		{87A36C5E-1AA8-4750-8514-3749DD4D0482}.Build|x64.ActiveCfg = Build|x64
		{87A36C5E-1AA8-4750-8514-3749DD4D0482}.Build|x64.Build.0 = Build|x64
		{87A36C5E-1AA8-4750-8514-3749DD4D0482}.Debug|Any CPU.ActiveCfg = Debug|Any CPU
		{87A36C5E-1AA8-4750-8514-3749DD4D0482}.Debug|Any CPU.Build.0 = Debug|Any CPU
		{87A36C5E-1AA8-4750-8514-3749DD4D0482}.Debug|x64.ActiveCfg = Debug|x64
		{87A36C5E-1AA8-4750-8514-3749DD4D0482}.Debug|x64.Build.0 = Debug|x64
		{87A36C5E-1AA8-4750-8514-3749DD4D0482}.Release|Any CPU.ActiveCfg = Release|Any CPU
		{87A36C5E-1AA8-4750-8514-3749DD4D0482}.Release|Any CPU.Build.0 = Release|Any CPU
		{87A36C5E-1AA8-4750-8514-3749DD4D0482}.Release|x64.ActiveCfg = Release|x64
		{87A36C5E-1AA8-4750-8514-3749DD4D0482}.Release|x64.Build.0 = Release|x64
		{9F6989BA-9803-4F93-871E-BF52A44EA603}.Build|Any CPU.ActiveCfg = Release|Any CPU
		{9F6989BA-9803-4F93-871E-BF52A44EA603}.Build|Any CPU.Build.0 = Release|Any CPU
		{9F6989BA-9803-4F93-871E-BF52A44EA603}.Build|x64.ActiveCfg = Release|Any CPU
		{9F6989BA-9803-4F93-871E-BF52A44EA603}.Debug|Any CPU.ActiveCfg = Debug|Any CPU
		{9F6989BA-9803-4F93-871E-BF52A44EA603}.Debug|Any CPU.Build.0 = Debug|Any CPU
		{9F6989BA-9803-4F93-871E-BF52A44EA603}.Debug|x64.ActiveCfg = Debug|Any CPU
		{9F6989BA-9803-4F93-871E-BF52A44EA603}.Release|Any CPU.ActiveCfg = Release|Any CPU
		{9F6989BA-9803-4F93-871E-BF52A44EA603}.Release|Any CPU.Build.0 = Release|Any CPU
		{9F6989BA-9803-4F93-871E-BF52A44EA603}.Release|x64.ActiveCfg = Release|Any CPU
	EndGlobalSection
	GlobalSection(SolutionProperties) = preSolution
		HideSolutionNode = FALSE
	EndGlobalSection
	GlobalSection(NestedProjects) = preSolution
		{CE544CB7-A422-49BC-A4E0-25414E817A0C} = {C76BB68E-6596-4D2E-A201-B04470E197F1}
		{8384A054-56A2-4079-81AB-82BAAD29AC1E} = {C76BB68E-6596-4D2E-A201-B04470E197F1}
		{A63C9ACA-F316-448E-B673-5F5F0843EBB2} = {B3E70DDA-D523-4C57-9242-6B4FD57BC4CF}
		{87A36C5E-1AA8-4750-8514-3749DD4D0482} = {B3E70DDA-D523-4C57-9242-6B4FD57BC4CF}
		{9F6989BA-9803-4F93-871E-BF52A44EA603} = {A1DCE8CB-6EEF-4958-8209-CAFFE78C17A3}
	EndGlobalSection
EndGlobal
