
Microsoft Visual Studio Solution File, Format Version 11.00
# Visual Studio 2010
Project("{2150E333-8FDC-42A3-9474-1A3956D46DE8}") = "2. Extensions", "2. Extensions", "{C76BB68E-6596-4D2E-A201-B04470E197F1}"
EndProject
Project("{2150E333-8FDC-42A3-9474-1A3956D46DE8}") = "1. Framework", "1. Framework", "{8FEA3864-DE84-4030-9C24-A89CC976C77A}"
EndProject
Project("{2150E333-8FDC-42A3-9474-1A3956D46DE8}") = "3. Tests", "3. Tests", "{B3E70DDA-D523-4C57-9242-6B4FD57BC4CF}"
EndProject
Project("{FAE04EC0-301F-11D3-BF4B-00C04F79EFBC}") = "Sakura.Framework", "Sakura.Framework\Sakura.Framework.csproj", "{CE544CB7-A422-49BC-A4E0-25414E817A0C}"
EndProject
Project("{FAE04EC0-301F-11D3-BF4B-00C04F79EFBC}") = "Sakura.Framework.Tests", "Sakura.Framework.Tests\Sakura.Framework.Tests.csproj", "{A63C9ACA-F316-448E-B673-5F5F0843EBB2}"
EndProject
Project("{FAE04EC0-301F-11D3-BF4B-00C04F79EFBC}") = "Sakura.Extensions.Data.Tests", "Sakura.Extensions.Data.Tests\Sakura.Extensions.Data.Tests.csproj", "{87A36C5E-1AA8-4750-8514-3749DD4D0482}"
EndProject
Project("{FAE04EC0-301F-11D3-BF4B-00C04F79EFBC}") = "Sakura.Extensions.Api.Tests", "Sakura.Extensions.Api.Tests\Sakura.Extensions.Api.Tests.csproj", "{BEF9DFB7-D240-4C2D-945B-C245D0F9CB6A}"
EndProject
Project("{FAE04EC0-301F-11D3-BF4B-00C04F79EFBC}") = "Sakura.Extensions.Data", "Sakura.Extensions.Data\Sakura.Extensions.Data.csproj", "{8384A054-56A2-4079-81AB-82BAAD29AC1E}"
EndProject
Project("{FAE04EC0-301F-11D3-BF4B-00C04F79EFBC}") = "Sakura.Extensions.Api", "Sakura.Extensions.Api\Sakura.Extensions.Api.csproj", "{4D4CAF1C-94BB-4711-B8B5-6F48173E6746}"
EndProject
Project("{FAE04EC0-301F-11D3-BF4B-00C04F79EFBC}") = "JetBrains.Annotations", "JetBrains.Annotations\JetBrains.Annotations.csproj", "{6BDBF46F-D8FC-4A46-8B3B-F71D08C27D31}"
EndProject
Global
	GlobalSection(SolutionConfigurationPlatforms) = preSolution
		Debug|Any CPU = Debug|Any CPU
		Release|Any CPU = Release|Any CPU
	EndGlobalSection
	GlobalSection(ProjectConfigurationPlatforms) = postSolution
		{CE544CB7-A422-49BC-A4E0-25414E817A0C}.Debug|Any CPU.ActiveCfg = Debug|Any CPU
		{CE544CB7-A422-49BC-A4E0-25414E817A0C}.Debug|Any CPU.Build.0 = Debug|Any CPU
		{CE544CB7-A422-49BC-A4E0-25414E817A0C}.Release|Any CPU.ActiveCfg = Release|Any CPU
		{CE544CB7-A422-49BC-A4E0-25414E817A0C}.Release|Any CPU.Build.0 = Release|Any CPU
		{A63C9ACA-F316-448E-B673-5F5F0843EBB2}.Debug|Any CPU.ActiveCfg = Debug|Any CPU
		{A63C9ACA-F316-448E-B673-5F5F0843EBB2}.Debug|Any CPU.Build.0 = Debug|Any CPU
		{A63C9ACA-F316-448E-B673-5F5F0843EBB2}.Release|Any CPU.ActiveCfg = Release|Any CPU
		{A63C9ACA-F316-448E-B673-5F5F0843EBB2}.Release|Any CPU.Build.0 = Release|Any CPU
		{87A36C5E-1AA8-4750-8514-3749DD4D0482}.Debug|Any CPU.ActiveCfg = Debug|Any CPU
		{87A36C5E-1AA8-4750-8514-3749DD4D0482}.Debug|Any CPU.Build.0 = Debug|Any CPU
		{87A36C5E-1AA8-4750-8514-3749DD4D0482}.Release|Any CPU.ActiveCfg = Release|Any CPU
		{87A36C5E-1AA8-4750-8514-3749DD4D0482}.Release|Any CPU.Build.0 = Release|Any CPU
		{BEF9DFB7-D240-4C2D-945B-C245D0F9CB6A}.Debug|Any CPU.ActiveCfg = Debug|Any CPU
		{BEF9DFB7-D240-4C2D-945B-C245D0F9CB6A}.Debug|Any CPU.Build.0 = Debug|Any CPU
		{BEF9DFB7-D240-4C2D-945B-C245D0F9CB6A}.Release|Any CPU.ActiveCfg = Release|Any CPU
		{BEF9DFB7-D240-4C2D-945B-C245D0F9CB6A}.Release|Any CPU.Build.0 = Release|Any CPU
		{8384A054-56A2-4079-81AB-82BAAD29AC1E}.Debug|Any CPU.ActiveCfg = Debug|Any CPU
		{8384A054-56A2-4079-81AB-82BAAD29AC1E}.Debug|Any CPU.Build.0 = Debug|Any CPU
		{8384A054-56A2-4079-81AB-82BAAD29AC1E}.Release|Any CPU.ActiveCfg = Release|Any CPU
		{8384A054-56A2-4079-81AB-82BAAD29AC1E}.Release|Any CPU.Build.0 = Release|Any CPU
		{4D4CAF1C-94BB-4711-B8B5-6F48173E6746}.Debug|Any CPU.ActiveCfg = Debug|Any CPU
		{4D4CAF1C-94BB-4711-B8B5-6F48173E6746}.Debug|Any CPU.Build.0 = Debug|Any CPU
		{4D4CAF1C-94BB-4711-B8B5-6F48173E6746}.Release|Any CPU.ActiveCfg = Release|Any CPU
		{4D4CAF1C-94BB-4711-B8B5-6F48173E6746}.Release|Any CPU.Build.0 = Release|Any CPU
		{6BDBF46F-D8FC-4A46-8B3B-F71D08C27D31}.Debug|Any CPU.ActiveCfg = Debug|Any CPU
		{6BDBF46F-D8FC-4A46-8B3B-F71D08C27D31}.Debug|Any CPU.Build.0 = Debug|Any CPU
		{6BDBF46F-D8FC-4A46-8B3B-F71D08C27D31}.Release|Any CPU.ActiveCfg = Release|Any CPU
		{6BDBF46F-D8FC-4A46-8B3B-F71D08C27D31}.Release|Any CPU.Build.0 = Release|Any CPU
	EndGlobalSection
	GlobalSection(SolutionProperties) = preSolution
		HideSolutionNode = FALSE
	EndGlobalSection
	GlobalSection(NestedProjects) = preSolution
		{8384A054-56A2-4079-81AB-82BAAD29AC1E} = {C76BB68E-6596-4D2E-A201-B04470E197F1}
		{4D4CAF1C-94BB-4711-B8B5-6F48173E6746} = {C76BB68E-6596-4D2E-A201-B04470E197F1}
		{CE544CB7-A422-49BC-A4E0-25414E817A0C} = {8FEA3864-DE84-4030-9C24-A89CC976C77A}
		{6BDBF46F-D8FC-4A46-8B3B-F71D08C27D31} = {8FEA3864-DE84-4030-9C24-A89CC976C77A}
		{A63C9ACA-F316-448E-B673-5F5F0843EBB2} = {B3E70DDA-D523-4C57-9242-6B4FD57BC4CF}
		{87A36C5E-1AA8-4750-8514-3749DD4D0482} = {B3E70DDA-D523-4C57-9242-6B4FD57BC4CF}
		{BEF9DFB7-D240-4C2D-945B-C245D0F9CB6A} = {B3E70DDA-D523-4C57-9242-6B4FD57BC4CF}
	EndGlobalSection
EndGlobal
