
Microsoft Visual Studio Solution File, Format Version 12.00
# Visual Studio 2012
Project("{2150E333-8FDC-42A3-9474-1A3956D46DE8}") = "1. Framework", "1. Framework", "{C76BB68E-6596-4D2E-A201-B04470E197F1}"
EndProject
Project("{2150E333-8FDC-42A3-9474-1A3956D46DE8}") = "2. Tests", "2. Tests", "{B3E70DDA-D523-4C57-9242-6B4FD57BC4CF}"
EndProject
Project("{2150E333-8FDC-42A3-9474-1A3956D46DE8}") = "3. Samples", "3. Samples", "{A1DCE8CB-6EEF-4958-8209-CAFFE78C17A3}"
EndProject
Project("{FAE04EC0-301F-11D3-BF4B-00C04F79EFBC}") = "Sakura", "Sakura\Sakura.csproj", "{CE544CB7-A422-49BC-A4E0-25414E817A0C}"
EndProject
Project("{FAE04EC0-301F-11D3-BF4B-00C04F79EFBC}") = "Sakura.Tests", "Sakura.Tests\Sakura.Tests.csproj", "{A63C9ACA-F316-448E-B673-5F5F0843EBB2}"
EndProject
Project("{FAE04EC0-301F-11D3-BF4B-00C04F79EFBC}") = "Sakura.Samples.ContactsWeb", "Sakura.Samples.ContactsWeb\Sakura.Samples.ContactsWeb.csproj", "{9F312989-46B7-4956-8717-6D580191B2C2}"
EndProject
Project("{FAE04EC0-301F-11D3-BF4B-00C04F79EFBC}") = "Sakura.Samples.Contacts", "Sakura.Samples.Contacts\Sakura.Samples.Contacts.csproj", "{515745CC-8205-474F-9564-13419EEA5F54}"
EndProject
Project("{FAE04EC0-301F-11D3-BF4B-00C04F79EFBC}") = "Sakura.Extensions.NHibernate", "Sakura.Extensions.NHibernate\Sakura.Extensions.NHibernate.csproj", "{8384A054-56A2-4079-81AB-82BAAD29AC1E}"
EndProject
Project("{FAE04EC0-301F-11D3-BF4B-00C04F79EFBC}") = "Sakura.Extensions.NHibernate.Tests", "Sakura.Extensions.NHibernate.Tests\Sakura.Extensions.NHibernate.Tests.csproj", "{87A36C5E-1AA8-4750-8514-3749DD4D0482}"
EndProject
Project("{FAE04EC0-301F-11D3-BF4B-00C04F79EFBC}") = "Sakura.Extensions.Web", "Sakura.Extensions.Web\Sakura.Extensions.Web.csproj", "{4B57AD55-8B76-4F14-B40D-A470A34C38F0}"
EndProject
Project("{FAE04EC0-301F-11D3-BF4B-00C04F79EFBC}") = "Sakura.Extensions.Web.Tests", "Sakura.Extensions.Web.Tests\Sakura.Extensions.Web.Tests.csproj", "{42970140-FB18-44C9-B1CF-E7205CEEB5F7}"
EndProject
Project("{FAE04EC0-301F-11D3-BF4B-00C04F79EFBC}") = "Sakura.Extensions.NHibernateWeb", "Sakura.Extensions.NHibernateWeb\Sakura.Extensions.NHibernateWeb.csproj", "{5E880304-AD94-498F-92B5-23403A0252D8}"
EndProject
Project("{FAE04EC0-301F-11D3-BF4B-00C04F79EFBC}") = "Sakura.Extensions.NHibernateWeb.Tests", "Sakura.Extensions.NHibernateWeb.Tests\Sakura.Extensions.NHibernateWeb.Tests.csproj", "{4DA346D1-EAB9-466C-9D60-A18DBE02738F}"
EndProject
Global
	GlobalSection(SolutionConfigurationPlatforms) = preSolution
		Build|Any CPU = Build|Any CPU
		Build|x64 = Build|x64
		Debug|Any CPU = Debug|Any CPU
		Debug|x64 = Debug|x64
		Release|Any CPU = Release|Any CPU
		Release|x64 = Release|x64
	EndGlobalSection
	GlobalSection(ProjectConfigurationPlatforms) = postSolution
		{42970140-FB18-44C9-B1CF-E7205CEEB5F7}.Build|Any CPU.ActiveCfg = Release|Any CPU
		{42970140-FB18-44C9-B1CF-E7205CEEB5F7}.Build|Any CPU.Build.0 = Release|Any CPU
		{42970140-FB18-44C9-B1CF-E7205CEEB5F7}.Build|x64.ActiveCfg = Release|Any CPU
		{42970140-FB18-44C9-B1CF-E7205CEEB5F7}.Debug|Any CPU.ActiveCfg = Debug|Any CPU
		{42970140-FB18-44C9-B1CF-E7205CEEB5F7}.Debug|Any CPU.Build.0 = Debug|Any CPU
		{42970140-FB18-44C9-B1CF-E7205CEEB5F7}.Debug|x64.ActiveCfg = Debug|Any CPU
		{42970140-FB18-44C9-B1CF-E7205CEEB5F7}.Release|Any CPU.ActiveCfg = Release|Any CPU
		{42970140-FB18-44C9-B1CF-E7205CEEB5F7}.Release|Any CPU.Build.0 = Release|Any CPU
		{42970140-FB18-44C9-B1CF-E7205CEEB5F7}.Release|x64.ActiveCfg = Release|Any CPU
		{4B57AD55-8B76-4F14-B40D-A470A34C38F0}.Build|Any CPU.ActiveCfg = Release|Any CPU
		{4B57AD55-8B76-4F14-B40D-A470A34C38F0}.Build|Any CPU.Build.0 = Release|Any CPU
		{4B57AD55-8B76-4F14-B40D-A470A34C38F0}.Build|x64.ActiveCfg = Release|Any CPU
		{4B57AD55-8B76-4F14-B40D-A470A34C38F0}.Debug|Any CPU.ActiveCfg = Debug|Any CPU
		{4B57AD55-8B76-4F14-B40D-A470A34C38F0}.Debug|Any CPU.Build.0 = Debug|Any CPU
		{4B57AD55-8B76-4F14-B40D-A470A34C38F0}.Debug|x64.ActiveCfg = Debug|Any CPU
		{4B57AD55-8B76-4F14-B40D-A470A34C38F0}.Release|Any CPU.ActiveCfg = Release|Any CPU
		{4B57AD55-8B76-4F14-B40D-A470A34C38F0}.Release|Any CPU.Build.0 = Release|Any CPU
		{4B57AD55-8B76-4F14-B40D-A470A34C38F0}.Release|x64.ActiveCfg = Release|Any CPU
		{4DA346D1-EAB9-466C-9D60-A18DBE02738F}.Build|Any CPU.ActiveCfg = Release|Any CPU
		{4DA346D1-EAB9-466C-9D60-A18DBE02738F}.Build|Any CPU.Build.0 = Release|Any CPU
		{4DA346D1-EAB9-466C-9D60-A18DBE02738F}.Build|x64.ActiveCfg = Release|Any CPU
		{4DA346D1-EAB9-466C-9D60-A18DBE02738F}.Debug|Any CPU.ActiveCfg = Debug|Any CPU
		{4DA346D1-EAB9-466C-9D60-A18DBE02738F}.Debug|Any CPU.Build.0 = Debug|Any CPU
		{4DA346D1-EAB9-466C-9D60-A18DBE02738F}.Debug|x64.ActiveCfg = Debug|Any CPU
		{4DA346D1-EAB9-466C-9D60-A18DBE02738F}.Release|Any CPU.ActiveCfg = Release|Any CPU
		{4DA346D1-EAB9-466C-9D60-A18DBE02738F}.Release|Any CPU.Build.0 = Release|Any CPU
		{4DA346D1-EAB9-466C-9D60-A18DBE02738F}.Release|x64.ActiveCfg = Release|Any CPU
		{515745CC-8205-474F-9564-13419EEA5F54}.Build|Any CPU.ActiveCfg = Build|Any CPU
		{515745CC-8205-474F-9564-13419EEA5F54}.Build|Any CPU.Build.0 = Build|Any CPU
		{515745CC-8205-474F-9564-13419EEA5F54}.Build|x64.ActiveCfg = Build|Any CPU
		{515745CC-8205-474F-9564-13419EEA5F54}.Debug|Any CPU.ActiveCfg = Debug|Any CPU
		{515745CC-8205-474F-9564-13419EEA5F54}.Debug|Any CPU.Build.0 = Debug|Any CPU
		{515745CC-8205-474F-9564-13419EEA5F54}.Debug|x64.ActiveCfg = Debug|Any CPU
		{515745CC-8205-474F-9564-13419EEA5F54}.Release|Any CPU.ActiveCfg = Release|Any CPU
		{515745CC-8205-474F-9564-13419EEA5F54}.Release|Any CPU.Build.0 = Release|Any CPU
		{515745CC-8205-474F-9564-13419EEA5F54}.Release|x64.ActiveCfg = Release|Any CPU
		{5E880304-AD94-498F-92B5-23403A0252D8}.Build|Any CPU.ActiveCfg = Build|Any CPU
		{5E880304-AD94-498F-92B5-23403A0252D8}.Build|Any CPU.Build.0 = Build|Any CPU
		{5E880304-AD94-498F-92B5-23403A0252D8}.Build|x64.ActiveCfg = Build|Any CPU
		{5E880304-AD94-498F-92B5-23403A0252D8}.Debug|Any CPU.ActiveCfg = Debug|Any CPU
		{5E880304-AD94-498F-92B5-23403A0252D8}.Debug|Any CPU.Build.0 = Debug|Any CPU
		{5E880304-AD94-498F-92B5-23403A0252D8}.Debug|x64.ActiveCfg = Debug|Any CPU
		{5E880304-AD94-498F-92B5-23403A0252D8}.Release|Any CPU.ActiveCfg = Release|Any CPU
		{5E880304-AD94-498F-92B5-23403A0252D8}.Release|Any CPU.Build.0 = Release|Any CPU
		{5E880304-AD94-498F-92B5-23403A0252D8}.Release|x64.ActiveCfg = Release|Any CPU
		{8384A054-56A2-4079-81AB-82BAAD29AC1E}.Build|Any CPU.ActiveCfg = Build|Any CPU
		{8384A054-56A2-4079-81AB-82BAAD29AC1E}.Build|Any CPU.Build.0 = Build|Any CPU
		{8384A054-56A2-4079-81AB-82BAAD29AC1E}.Build|x64.ActiveCfg = Build|x64
		{8384A054-56A2-4079-81AB-82BAAD29AC1E}.Build|x64.Build.0 = Build|x64
		{8384A054-56A2-4079-81AB-82BAAD29AC1E}.Debug|Any CPU.ActiveCfg = Debug|Any CPU
		{8384A054-56A2-4079-81AB-82BAAD29AC1E}.Debug|Any CPU.Build.0 = Debug|Any CPU
		{8384A054-56A2-4079-81AB-82BAAD29AC1E}.Debug|x64.ActiveCfg = Debug|x64
		{8384A054-56A2-4079-81AB-82BAAD29AC1E}.Debug|x64.Build.0 = Debug|x64
		{8384A054-56A2-4079-81AB-82BAAD29AC1E}.Release|Any CPU.ActiveCfg = Release|Any CPU
		{8384A054-56A2-4079-81AB-82BAAD29AC1E}.Release|Any CPU.Build.0 = Release|Any CPU
		{8384A054-56A2-4079-81AB-82BAAD29AC1E}.Release|x64.ActiveCfg = Release|x64
		{8384A054-56A2-4079-81AB-82BAAD29AC1E}.Release|x64.Build.0 = Release|x64
		{87A36C5E-1AA8-4750-8514-3749DD4D0482}.Build|Any CPU.ActiveCfg = Build|Any CPU
		{87A36C5E-1AA8-4750-8514-3749DD4D0482}.Build|Any CPU.Build.0 = Build|Any CPU
		{87A36C5E-1AA8-4750-8514-3749DD4D0482}.Build|x64.ActiveCfg = Build|x64
		{87A36C5E-1AA8-4750-8514-3749DD4D0482}.Build|x64.Build.0 = Build|x64
		{87A36C5E-1AA8-4750-8514-3749DD4D0482}.Debug|Any CPU.ActiveCfg = Debug|Any CPU
		{87A36C5E-1AA8-4750-8514-3749DD4D0482}.Debug|Any CPU.Build.0 = Debug|Any CPU
		{87A36C5E-1AA8-4750-8514-3749DD4D0482}.Debug|x64.ActiveCfg = Debug|x64
		{87A36C5E-1AA8-4750-8514-3749DD4D0482}.Debug|x64.Build.0 = Debug|x64
		{87A36C5E-1AA8-4750-8514-3749DD4D0482}.Release|Any CPU.ActiveCfg = Release|Any CPU
		{87A36C5E-1AA8-4750-8514-3749DD4D0482}.Release|Any CPU.Build.0 = Release|Any CPU
		{87A36C5E-1AA8-4750-8514-3749DD4D0482}.Release|x64.ActiveCfg = Release|x64
		{87A36C5E-1AA8-4750-8514-3749DD4D0482}.Release|x64.Build.0 = Release|x64
		{9F312989-46B7-4956-8717-6D580191B2C2}.Build|Any CPU.ActiveCfg = Build|Any CPU
		{9F312989-46B7-4956-8717-6D580191B2C2}.Build|Any CPU.Build.0 = Build|Any CPU
		{9F312989-46B7-4956-8717-6D580191B2C2}.Build|x64.ActiveCfg = Build|x64
		{9F312989-46B7-4956-8717-6D580191B2C2}.Build|x64.Build.0 = Build|x64
		{9F312989-46B7-4956-8717-6D580191B2C2}.Debug|Any CPU.ActiveCfg = Debug|Any CPU
		{9F312989-46B7-4956-8717-6D580191B2C2}.Debug|Any CPU.Build.0 = Debug|Any CPU
		{9F312989-46B7-4956-8717-6D580191B2C2}.Debug|x64.ActiveCfg = Debug|x64
		{9F312989-46B7-4956-8717-6D580191B2C2}.Debug|x64.Build.0 = Debug|x64
		{9F312989-46B7-4956-8717-6D580191B2C2}.Release|Any CPU.ActiveCfg = Release|Any CPU
		{9F312989-46B7-4956-8717-6D580191B2C2}.Release|Any CPU.Build.0 = Release|Any CPU
		{9F312989-46B7-4956-8717-6D580191B2C2}.Release|x64.ActiveCfg = Release|x64
		{9F312989-46B7-4956-8717-6D580191B2C2}.Release|x64.Build.0 = Release|x64
		{A63C9ACA-F316-448E-B673-5F5F0843EBB2}.Build|Any CPU.ActiveCfg = Build|Any CPU
		{A63C9ACA-F316-448E-B673-5F5F0843EBB2}.Build|Any CPU.Build.0 = Build|Any CPU
		{A63C9ACA-F316-448E-B673-5F5F0843EBB2}.Build|x64.ActiveCfg = Build|x64
		{A63C9ACA-F316-448E-B673-5F5F0843EBB2}.Build|x64.Build.0 = Build|x64
		{A63C9ACA-F316-448E-B673-5F5F0843EBB2}.Debug|Any CPU.ActiveCfg = Debug|Any CPU
		{A63C9ACA-F316-448E-B673-5F5F0843EBB2}.Debug|Any CPU.Build.0 = Debug|Any CPU
		{A63C9ACA-F316-448E-B673-5F5F0843EBB2}.Debug|x64.ActiveCfg = Debug|x64
		{A63C9ACA-F316-448E-B673-5F5F0843EBB2}.Debug|x64.Build.0 = Debug|x64
		{A63C9ACA-F316-448E-B673-5F5F0843EBB2}.Release|Any CPU.ActiveCfg = Release|Any CPU
		{A63C9ACA-F316-448E-B673-5F5F0843EBB2}.Release|Any CPU.Build.0 = Release|Any CPU
		{A63C9ACA-F316-448E-B673-5F5F0843EBB2}.Release|x64.ActiveCfg = Release|x64
		{A63C9ACA-F316-448E-B673-5F5F0843EBB2}.Release|x64.Build.0 = Release|x64
		{CE544CB7-A422-49BC-A4E0-25414E817A0C}.Build|Any CPU.ActiveCfg = Build|Any CPU
		{CE544CB7-A422-49BC-A4E0-25414E817A0C}.Build|Any CPU.Build.0 = Build|Any CPU
		{CE544CB7-A422-49BC-A4E0-25414E817A0C}.Build|x64.ActiveCfg = Build|x64
		{CE544CB7-A422-49BC-A4E0-25414E817A0C}.Build|x64.Build.0 = Build|x64
		{CE544CB7-A422-49BC-A4E0-25414E817A0C}.Debug|Any CPU.ActiveCfg = Debug|Any CPU
		{CE544CB7-A422-49BC-A4E0-25414E817A0C}.Debug|Any CPU.Build.0 = Debug|Any CPU
		{CE544CB7-A422-49BC-A4E0-25414E817A0C}.Debug|x64.ActiveCfg = Debug|x64
		{CE544CB7-A422-49BC-A4E0-25414E817A0C}.Debug|x64.Build.0 = Debug|x64
		{CE544CB7-A422-49BC-A4E0-25414E817A0C}.Release|Any CPU.ActiveCfg = Release|Any CPU
		{CE544CB7-A422-49BC-A4E0-25414E817A0C}.Release|Any CPU.Build.0 = Release|Any CPU
		{CE544CB7-A422-49BC-A4E0-25414E817A0C}.Release|x64.ActiveCfg = Release|x64
		{CE544CB7-A422-49BC-A4E0-25414E817A0C}.Release|x64.Build.0 = Release|x64
	EndGlobalSection
	GlobalSection(SolutionProperties) = preSolution
		HideSolutionNode = FALSE
	EndGlobalSection
	GlobalSection(NestedProjects) = preSolution
		{42970140-FB18-44C9-B1CF-E7205CEEB5F7} = {B3E70DDA-D523-4C57-9242-6B4FD57BC4CF}
		{4B57AD55-8B76-4F14-B40D-A470A34C38F0} = {C76BB68E-6596-4D2E-A201-B04470E197F1}
		{4DA346D1-EAB9-466C-9D60-A18DBE02738F} = {B3E70DDA-D523-4C57-9242-6B4FD57BC4CF}
		{515745CC-8205-474F-9564-13419EEA5F54} = {A1DCE8CB-6EEF-4958-8209-CAFFE78C17A3}
		{5E880304-AD94-498F-92B5-23403A0252D8} = {C76BB68E-6596-4D2E-A201-B04470E197F1}
		{8384A054-56A2-4079-81AB-82BAAD29AC1E} = {C76BB68E-6596-4D2E-A201-B04470E197F1}
		{87A36C5E-1AA8-4750-8514-3749DD4D0482} = {B3E70DDA-D523-4C57-9242-6B4FD57BC4CF}
		{9F312989-46B7-4956-8717-6D580191B2C2} = {A1DCE8CB-6EEF-4958-8209-CAFFE78C17A3}
		{A63C9ACA-F316-448E-B673-5F5F0843EBB2} = {B3E70DDA-D523-4C57-9242-6B4FD57BC4CF}
		{CE544CB7-A422-49BC-A4E0-25414E817A0C} = {C76BB68E-6596-4D2E-A201-B04470E197F1}
	EndGlobalSection
EndGlobal
