
Microsoft Visual Studio Solution File, Format Version 11.00
# Visual Studio 2010
Project("{2150E333-8FDC-42A3-9474-1A3956D46DE8}") = "2. Extensions", "2. Extensions", "{C76BB68E-6596-4D2E-A201-B04470E197F1}"
EndProject
Project("{2150E333-8FDC-42A3-9474-1A3956D46DE8}") = "1. Framework", "1. Framework", "{8FEA3864-DE84-4030-9C24-A89CC976C77A}"
EndProject
Project("{2150E333-8FDC-42A3-9474-1A3956D46DE8}") = "3. Tests", "3. Tests", "{B3E70DDA-D523-4C57-9242-6B4FD57BC4CF}"
EndProject
Project("{FAE04EC0-301F-11D3-BF4B-00C04F79EFBC}") = "Sakura", "Sakura\Sakura.csproj", "{CE544CB7-A422-49BC-A4E0-25414E817A0C}"
EndProject
Project("{FAE04EC0-301F-11D3-BF4B-00C04F79EFBC}") = "Sakura.Tests", "Sakura.Tests\Sakura.Tests.csproj", "{A63C9ACA-F316-448E-B673-5F5F0843EBB2}"
EndProject
Project("{FAE04EC0-301F-11D3-BF4B-00C04F79EFBC}") = "Sakura.Extensions.Api.Tests", "Sakura.Extensions.Api.Tests\Sakura.Extensions.Api.Tests.csproj", "{BEF9DFB7-D240-4C2D-945B-C245D0F9CB6A}"
EndProject
Project("{FAE04EC0-301F-11D3-BF4B-00C04F79EFBC}") = "Sakura.Extensions.Api", "Sakura.Extensions.Api\Sakura.Extensions.Api.csproj", "{4D4CAF1C-94BB-4711-B8B5-6F48173E6746}"
EndProject
Project("{2150E333-8FDC-42A3-9474-1A3956D46DE8}") = "4. Samples", "4. Samples", "{A1DCE8CB-6EEF-4958-8209-CAFFE78C17A3}"
EndProject
Project("{FAE04EC0-301F-11D3-BF4B-00C04F79EFBC}") = "Sakura.Samples.ContactsWeb", "Sakura.Samples.ContactsWeb\Sakura.Samples.ContactsWeb.csproj", "{9F312989-46B7-4956-8717-6D580191B2C2}"
EndProject
Project("{FAE04EC0-301F-11D3-BF4B-00C04F79EFBC}") = "Sakura.Extensions.Mvc", "Sakura.Extensions.Mvc\Sakura.Extensions.Mvc.csproj", "{8AF928C5-B468-4080-BA07-CFFA28796D64}"
EndProject
Project("{FAE04EC0-301F-11D3-BF4B-00C04F79EFBC}") = "Sakura.Samples.Contacts", "Sakura.Samples.Contacts\Sakura.Samples.Contacts.csproj", "{515745CC-8205-474F-9564-13419EEA5F54}"
EndProject
Project("{FAE04EC0-301F-11D3-BF4B-00C04F79EFBC}") = "Sakura.Extensions.NHibernateMvc", "Sakura.Extensions.NHibernateMvc\Sakura.Extensions.NHibernateMvc.csproj", "{5E880304-AD94-498F-92B5-23403A0252D8}"
EndProject
Project("{2150E333-8FDC-42A3-9474-1A3956D46DE8}") = "0. NuGet", "0. NuGet", "{6CE4987E-F026-4965-867B-43E30EC37F41}"
EndProject
Project("{FAE04EC0-301F-11D3-BF4B-00C04F79EFBC}") = "Sakura.Extensions.NHibernate", "Sakura.Extensions.NHibernate\Sakura.Extensions.NHibernate.csproj", "{8384A054-56A2-4079-81AB-82BAAD29AC1E}"
EndProject
Project("{FAE04EC0-301F-11D3-BF4B-00C04F79EFBC}") = "Sakura.Extensions.NHibernate.Tests", "Sakura.Extensions.NHibernate.Tests\Sakura.Extensions.NHibernate.Tests.csproj", "{87A36C5E-1AA8-4750-8514-3749DD4D0482}"
EndProject
Global
	GlobalSection(SolutionConfigurationPlatforms) = preSolution
		Debug|Any CPU = Debug|Any CPU
		Release|Any CPU = Release|Any CPU
	EndGlobalSection
	GlobalSection(ProjectConfigurationPlatforms) = postSolution
		{CE544CB7-A422-49BC-A4E0-25414E817A0C}.Debug|Any CPU.ActiveCfg = Debug|Any CPU
		{CE544CB7-A422-49BC-A4E0-25414E817A0C}.Debug|Any CPU.Build.0 = Debug|Any CPU
		{CE544CB7-A422-49BC-A4E0-25414E817A0C}.Release|Any CPU.ActiveCfg = Release|Any CPU
		{CE544CB7-A422-49BC-A4E0-25414E817A0C}.Release|Any CPU.Build.0 = Release|Any CPU
		{A63C9ACA-F316-448E-B673-5F5F0843EBB2}.Debug|Any CPU.ActiveCfg = Debug|Any CPU
		{A63C9ACA-F316-448E-B673-5F5F0843EBB2}.Debug|Any CPU.Build.0 = Debug|Any CPU
		{A63C9ACA-F316-448E-B673-5F5F0843EBB2}.Release|Any CPU.ActiveCfg = Release|Any CPU
		{A63C9ACA-F316-448E-B673-5F5F0843EBB2}.Release|Any CPU.Build.0 = Release|Any CPU
		{BEF9DFB7-D240-4C2D-945B-C245D0F9CB6A}.Debug|Any CPU.ActiveCfg = Debug|Any CPU
		{BEF9DFB7-D240-4C2D-945B-C245D0F9CB6A}.Debug|Any CPU.Build.0 = Debug|Any CPU
		{BEF9DFB7-D240-4C2D-945B-C245D0F9CB6A}.Release|Any CPU.ActiveCfg = Release|Any CPU
		{BEF9DFB7-D240-4C2D-945B-C245D0F9CB6A}.Release|Any CPU.Build.0 = Release|Any CPU
		{4D4CAF1C-94BB-4711-B8B5-6F48173E6746}.Debug|Any CPU.ActiveCfg = Debug|Any CPU
		{4D4CAF1C-94BB-4711-B8B5-6F48173E6746}.Debug|Any CPU.Build.0 = Debug|Any CPU
		{4D4CAF1C-94BB-4711-B8B5-6F48173E6746}.Release|Any CPU.ActiveCfg = Release|Any CPU
		{4D4CAF1C-94BB-4711-B8B5-6F48173E6746}.Release|Any CPU.Build.0 = Release|Any CPU
		{9F312989-46B7-4956-8717-6D580191B2C2}.Debug|Any CPU.ActiveCfg = Debug|Any CPU
		{9F312989-46B7-4956-8717-6D580191B2C2}.Debug|Any CPU.Build.0 = Debug|Any CPU
		{9F312989-46B7-4956-8717-6D580191B2C2}.Release|Any CPU.ActiveCfg = Release|Any CPU
		{9F312989-46B7-4956-8717-6D580191B2C2}.Release|Any CPU.Build.0 = Release|Any CPU
		{8AF928C5-B468-4080-BA07-CFFA28796D64}.Debug|Any CPU.ActiveCfg = Debug|Any CPU
		{8AF928C5-B468-4080-BA07-CFFA28796D64}.Debug|Any CPU.Build.0 = Debug|Any CPU
		{8AF928C5-B468-4080-BA07-CFFA28796D64}.Release|Any CPU.ActiveCfg = Release|Any CPU
		{8AF928C5-B468-4080-BA07-CFFA28796D64}.Release|Any CPU.Build.0 = Release|Any CPU
		{515745CC-8205-474F-9564-13419EEA5F54}.Debug|Any CPU.ActiveCfg = Debug|Any CPU
		{515745CC-8205-474F-9564-13419EEA5F54}.Debug|Any CPU.Build.0 = Debug|Any CPU
		{515745CC-8205-474F-9564-13419EEA5F54}.Release|Any CPU.ActiveCfg = Release|Any CPU
		{515745CC-8205-474F-9564-13419EEA5F54}.Release|Any CPU.Build.0 = Release|Any CPU
		{5E880304-AD94-498F-92B5-23403A0252D8}.Debug|Any CPU.ActiveCfg = Debug|Any CPU
		{5E880304-AD94-498F-92B5-23403A0252D8}.Debug|Any CPU.Build.0 = Debug|Any CPU
		{5E880304-AD94-498F-92B5-23403A0252D8}.Release|Any CPU.ActiveCfg = Release|Any CPU
		{5E880304-AD94-498F-92B5-23403A0252D8}.Release|Any CPU.Build.0 = Release|Any CPU
		{8384A054-56A2-4079-81AB-82BAAD29AC1E}.Debug|Any CPU.ActiveCfg = Debug|Any CPU
		{8384A054-56A2-4079-81AB-82BAAD29AC1E}.Debug|Any CPU.Build.0 = Debug|Any CPU
		{8384A054-56A2-4079-81AB-82BAAD29AC1E}.Release|Any CPU.ActiveCfg = Release|Any CPU
		{8384A054-56A2-4079-81AB-82BAAD29AC1E}.Release|Any CPU.Build.0 = Release|Any CPU
		{87A36C5E-1AA8-4750-8514-3749DD4D0482}.Debug|Any CPU.ActiveCfg = Debug|Any CPU
		{87A36C5E-1AA8-4750-8514-3749DD4D0482}.Debug|Any CPU.Build.0 = Debug|Any CPU
		{87A36C5E-1AA8-4750-8514-3749DD4D0482}.Release|Any CPU.ActiveCfg = Release|Any CPU
		{87A36C5E-1AA8-4750-8514-3749DD4D0482}.Release|Any CPU.Build.0 = Release|Any CPU
	EndGlobalSection
	GlobalSection(SolutionProperties) = preSolution
		HideSolutionNode = FALSE
	EndGlobalSection
	GlobalSection(NestedProjects) = preSolution
		{4D4CAF1C-94BB-4711-B8B5-6F48173E6746} = {C76BB68E-6596-4D2E-A201-B04470E197F1}
		{8AF928C5-B468-4080-BA07-CFFA28796D64} = {C76BB68E-6596-4D2E-A201-B04470E197F1}
		{5E880304-AD94-498F-92B5-23403A0252D8} = {C76BB68E-6596-4D2E-A201-B04470E197F1}
		{8384A054-56A2-4079-81AB-82BAAD29AC1E} = {C76BB68E-6596-4D2E-A201-B04470E197F1}
		{CE544CB7-A422-49BC-A4E0-25414E817A0C} = {8FEA3864-DE84-4030-9C24-A89CC976C77A}
		{A63C9ACA-F316-448E-B673-5F5F0843EBB2} = {B3E70DDA-D523-4C57-9242-6B4FD57BC4CF}
		{BEF9DFB7-D240-4C2D-945B-C245D0F9CB6A} = {B3E70DDA-D523-4C57-9242-6B4FD57BC4CF}
		{87A36C5E-1AA8-4750-8514-3749DD4D0482} = {B3E70DDA-D523-4C57-9242-6B4FD57BC4CF}
		{9F312989-46B7-4956-8717-6D580191B2C2} = {A1DCE8CB-6EEF-4958-8209-CAFFE78C17A3}
		{515745CC-8205-474F-9564-13419EEA5F54} = {A1DCE8CB-6EEF-4958-8209-CAFFE78C17A3}
	EndGlobalSection
EndGlobal
